
Microsoft Visual Studio Solution File, Format Version 12.00
# Visual Studio Version 17
VisualStudioVersion = 17.0.31903.59
MinimumVisualStudioVersion = 10.0.40219.1
Project("{2150E333-8FDC-42A3-9474-1A3956D46DE8}") = "src", "src", "{827E0CD3-B72D-47B6-A68D-7590B98EB39B}"
EndProject
Project("{FAE04EC0-301F-11D3-BF4B-00C04F79EFBC}") = "FindYourClinic.API", "src\FindYourClinic.API\FindYourClinic.API.csproj", "{FF06D0CA-AC29-445C-823E-7C4423912707}"
EndProject
Project("{FAE04EC0-301F-11D3-BF4B-00C04F79EFBC}") = "FindYourClinic.Domain", "src\FindYourClinic.Domain\FindYourClinic.Domain.csproj", "{04AE4AA0-DCAE-4831-A40E-050EAB7801FA}"
EndProject
Project("{FAE04EC0-301F-11D3-BF4B-00C04F79EFBC}") = "FindYourClinic.Infrastructure", "src\FindYourClinic.Infrastructure\FindYourClinic.Infrastructure.csproj", "{7DA8CF20-B17F-4654-801B-5807C6C60502}"
EndProject
Global
	GlobalSection(SolutionConfigurationPlatforms) = preSolution
		Debug|Any CPU = Debug|Any CPU
		Debug|x64 = Debug|x64
		Debug|x86 = Debug|x86
		Release|Any CPU = Release|Any CPU
		Release|x64 = Release|x64
		Release|x86 = Release|x86
	EndGlobalSection
	GlobalSection(ProjectConfigurationPlatforms) = postSolution
		{FF06D0CA-AC29-445C-823E-7C4423912707}.Debug|Any CPU.ActiveCfg = Debug|Any CPU
		{FF06D0CA-AC29-445C-823E-7C4423912707}.Debug|Any CPU.Build.0 = Debug|Any CPU
		{FF06D0CA-AC29-445C-823E-7C4423912707}.Debug|x64.ActiveCfg = Debug|Any CPU
		{FF06D0CA-AC29-445C-823E-7C4423912707}.Debug|x64.Build.0 = Debug|Any CPU
		{FF06D0CA-AC29-445C-823E-7C4423912707}.Debug|x86.ActiveCfg = Debug|Any CPU
		{FF06D0CA-AC29-445C-823E-7C4423912707}.Debug|x86.Build.0 = Debug|Any CPU
		{FF06D0CA-AC29-445C-823E-7C4423912707}.Release|Any CPU.ActiveCfg = Release|Any CPU
		{FF06D0CA-AC29-445C-823E-7C4423912707}.Release|Any CPU.Build.0 = Release|Any CPU
		{FF06D0CA-AC29-445C-823E-7C4423912707}.Release|x64.ActiveCfg = Release|Any CPU
		{FF06D0CA-AC29-445C-823E-7C4423912707}.Release|x64.Build.0 = Release|Any CPU
		{FF06D0CA-AC29-445C-823E-7C4423912707}.Release|x86.ActiveCfg = Release|Any CPU
		{FF06D0CA-AC29-445C-823E-7C4423912707}.Release|x86.Build.0 = Release|Any CPU
		{04AE4AA0-DCAE-4831-A40E-050EAB7801FA}.Debug|Any CPU.ActiveCfg = Debug|Any CPU
		{04AE4AA0-DCAE-4831-A40E-050EAB7801FA}.Debug|Any CPU.Build.0 = Debug|Any CPU
		{04AE4AA0-DCAE-4831-A40E-050EAB7801FA}.Debug|x64.ActiveCfg = Debug|Any CPU
		{04AE4AA0-DCAE-4831-A40E-050EAB7801FA}.Debug|x64.Build.0 = Debug|Any CPU
		{04AE4AA0-DCAE-4831-A40E-050EAB7801FA}.Debug|x86.ActiveCfg = Debug|Any CPU
		{04AE4AA0-DCAE-4831-A40E-050EAB7801FA}.Debug|x86.Build.0 = Debug|Any CPU
		{04AE4AA0-DCAE-4831-A40E-050EAB7801FA}.Release|Any CPU.ActiveCfg = Release|Any CPU
		{04AE4AA0-DCAE-4831-A40E-050EAB7801FA}.Release|Any CPU.Build.0 = Release|Any CPU
		{04AE4AA0-DCAE-4831-A40E-050EAB7801FA}.Release|x64.ActiveCfg = Release|Any CPU
		{04AE4AA0-DCAE-4831-A40E-050EAB7801FA}.Release|x64.Build.0 = Release|Any CPU
		{04AE4AA0-DCAE-4831-A40E-050EAB7801FA}.Release|x86.ActiveCfg = Release|Any CPU
		{04AE4AA0-DCAE-4831-A40E-050EAB7801FA}.Release|x86.Build.0 = Release|Any CPU
		{7DA8CF20-B17F-4654-801B-5807C6C60502}.Debug|Any CPU.ActiveCfg = Debug|Any CPU
		{7DA8CF20-B17F-4654-801B-5807C6C60502}.Debug|Any CPU.Build.0 = Debug|Any CPU
		{7DA8CF20-B17F-4654-801B-5807C6C60502}.Debug|x64.ActiveCfg = Debug|Any CPU
		{7DA8CF20-B17F-4654-801B-5807C6C60502}.Debug|x64.Build.0 = Debug|Any CPU
		{7DA8CF20-B17F-4654-801B-5807C6C60502}.Debug|x86.ActiveCfg = Debug|Any CPU
		{7DA8CF20-B17F-4654-801B-5807C6C60502}.Debug|x86.Build.0 = Debug|Any CPU
		{7DA8CF20-B17F-4654-801B-5807C6C60502}.Release|Any CPU.ActiveCfg = Release|Any CPU
		{7DA8CF20-B17F-4654-801B-5807C6C60502}.Release|Any CPU.Build.0 = Release|Any CPU
		{7DA8CF20-B17F-4654-801B-5807C6C60502}.Release|x64.ActiveCfg = Release|Any CPU
		{7DA8CF20-B17F-4654-801B-5807C6C60502}.Release|x64.Build.0 = Release|Any CPU
		{7DA8CF20-B17F-4654-801B-5807C6C60502}.Release|x86.ActiveCfg = Release|Any CPU
		{7DA8CF20-B17F-4654-801B-5807C6C60502}.Release|x86.Build.0 = Release|Any CPU
	EndGlobalSection
	GlobalSection(SolutionProperties) = preSolution
		HideSolutionNode = FALSE
	EndGlobalSection
	GlobalSection(NestedProjects) = preSolution
		{FF06D0CA-AC29-445C-823E-7C4423912707} = {827E0CD3-B72D-47B6-A68D-7590B98EB39B}
		{04AE4AA0-DCAE-4831-A40E-050EAB7801FA} = {827E0CD3-B72D-47B6-A68D-7590B98EB39B}
		{7DA8CF20-B17F-4654-801B-5807C6C60502} = {827E0CD3-B72D-47B6-A68D-7590B98EB39B}
	EndGlobalSection
EndGlobal
